{
  "name": "test",
  "requires": true,
  "lockfileVersion": 1,
  "dependencies": {
    "wmodulefortesting1": {
      "version": "0.0.134",
      "resolved": "https://registry.npmjs.org/wmodulefortesting1/-/wmodulefortesting1-0.0.134.tgz",
      "integrity": "sha512-X42hGS98Bn4RD3moXu31fKGMMsGjt39W1dQ2sgkKSAFwMqPBKCtVsAC9Phg2nJxriiNgMrEwZXxd8JO/5KcYng=="
    },
    "wmodulefortesting12": {
      "version": "0.0.125",
      "resolved": "https://registry.npmjs.org/wmodulefortesting12/-/wmodulefortesting12-0.0.125.tgz",
      "integrity": "sha512-nJX4fBjn3IrvPQgLvdzAg0Z6JYPrsdXlpQSlUCc6UAFP/H7DO118haV1B1cHfPu5MSnGRRZyu0B6ptRzBnQHBA==",
      "requires": {
        "wmodulefortesting1": "^0.0.134",
        "wmodulefortesting2": "^0.0.125"
      }
    },
    "wmodulefortesting2": {
      "version": "0.0.125",
      "resolved": "https://registry.npmjs.org/wmodulefortesting2/-/wmodulefortesting2-0.0.125.tgz",
      "integrity": "sha512-+DOIJHWqmqBss79Ua3jZHstt7TMRUdWY4/98LgBgob0SXxzuvDlfM+HvOAqMDI+WjCiKO7/IuKm2YB7MCImJiA==",
      "requires": {
        "wmodulefortesting1": "^0.0.134"
      }
    }
  }
}
